# This file is generated by running "yarn install" inside your project.
# Manual changes might be lost - proceed with caution!

__metadata:
  version: 7

"banana-config@workspace:^, banana-config@workspace:packages/banana-config":
  version: 0.0.0-use.local
  resolution: "banana-config@workspace:packages/banana-config"
  languageName: unknown
  linkType: soft

"banana-loader@workspace:^, banana-loader@workspace:packages/banana-loader":
  version: 0.0.0-use.local
  resolution: "banana-loader@workspace:packages/banana-loader"
  languageName: unknown
  linkType: soft

"demo@workspace:packages/demo":
  version: 0.0.0-use.local
  resolution: "demo@workspace:packages/demo"
  dependencies:
    banana-config: "workspace:^"
    banana-loader: "workspace:^"
  languageName: unknown
  linkType: soft

"loader-chain-issue@workspace:.":
  version: 0.0.0-use.local
  resolution: "loader-chain-issue@workspace:."
  languageName: unknown
  linkType: soft
